
Microsoft Visual Studio Solution File, Format Version 12.00
# Visual Studio Version 17
VisualStudioVersion = 17.13.35931.197 d17.13
MinimumVisualStudioVersion = 10.0.40219.1
Project("{FAE04EC0-301F-11D3-BF4B-00C04F79EFBC}") = "PBL3", "PBL3.csproj", "{18AEC4AE-3084-4C17-AD33-B7A2D84BE216}"
EndProject
Global
	GlobalSection(SolutionConfigurationPlatforms) = preSolution
		Debug|Any CPU = Debug|Any CPU
		Release|Any CPU = Release|Any CPU
	EndGlobalSection
	GlobalSection(ProjectConfigurationPlatforms) = postSolution
		{18AEC4AE-3084-4C17-AD33-B7A2D84BE216}.Debug|Any CPU.ActiveCfg = Debug|Any CPU
		{18AEC4AE-3084-4C17-AD33-B7A2D84BE216}.Debug|Any CPU.Build.0 = Debug|Any CPU
		{18AEC4AE-3084-4C17-AD33-B7A2D84BE216}.Release|Any CPU.ActiveCfg = Release|Any CPU
		{18AEC4AE-3084-4C17-AD33-B7A2D84BE216}.Release|Any CPU.Build.0 = Release|Any CPU
	EndGlobalSection
	GlobalSection(SolutionProperties) = preSolution
		HideSolutionNode = FALSE
	EndGlobalSection
	GlobalSection(ExtensibilityGlobals) = postSolution
		SolutionGuid = {A021343E-C9D5-4253-9363-4521952C9F0D}
	EndGlobalSection
EndGlobal
